
Microsoft Visual Studio Solution File, Format Version 12.00
# Visual Studio Version 17
VisualStudioVersion = 17.14.36518.9 d17.14
MinimumVisualStudioVersion = 10.0.40219.1
Project("{FAE04EC0-301F-11D3-BF4B-00C04F79EFBC}") = "Exercicio1", "Exercicio1.csproj", "{EEB9A162-1663-4892-A934-4043D0383FFE}"
EndProject
Project("{FAE04EC0-301F-11D3-BF4B-00C04F79EFBC}") = "Exercicio2", "..\Exercicio2\Exercicio2.csproj", "{428934BC-AFF4-4429-8DD1-2AF126587225}"
EndProject
Project("{FAE04EC0-301F-11D3-BF4B-00C04F79EFBC}") = "Exercicio3", "..\Exercicio3\Exercicio3.csproj", "{06F18323-5AAF-4132-8EC9-381DE48626B1}"
EndProject
Project("{FAE04EC0-301F-11D3-BF4B-00C04F79EFBC}") = "Exercicio4", "..\Exercicio4\Exercicio4.csproj", "{F1454F61-FF00-47B0-B7F1-17326D8AB6F7}"
EndProject
Project("{FAE04EC0-301F-11D3-BF4B-00C04F79EFBC}") = "Exercicio5", "..\Exercicio5\Exercicio5.csproj", "{DE2FC279-D51E-411C-AFC2-4E0885916DBD}"
EndProject
Project("{FAE04EC0-301F-11D3-BF4B-00C04F79EFBC}") = "Exercicio6", "..\Exercicio6\Exercicio6.csproj", "{C5FDB52B-9DC2-48AC-8409-8D3156421490}"
EndProject
Global
	GlobalSection(SolutionConfigurationPlatforms) = preSolution
		Debug|Any CPU = Debug|Any CPU
		Release|Any CPU = Release|Any CPU
	EndGlobalSection
	GlobalSection(ProjectConfigurationPlatforms) = postSolution
		{EEB9A162-1663-4892-A934-4043D0383FFE}.Debug|Any CPU.ActiveCfg = Debug|Any CPU
		{EEB9A162-1663-4892-A934-4043D0383FFE}.Debug|Any CPU.Build.0 = Debug|Any CPU
		{EEB9A162-1663-4892-A934-4043D0383FFE}.Release|Any CPU.ActiveCfg = Release|Any CPU
		{EEB9A162-1663-4892-A934-4043D0383FFE}.Release|Any CPU.Build.0 = Release|Any CPU
		{428934BC-AFF4-4429-8DD1-2AF126587225}.Debug|Any CPU.ActiveCfg = Debug|Any CPU
		{428934BC-AFF4-4429-8DD1-2AF126587225}.Debug|Any CPU.Build.0 = Debug|Any CPU
		{428934BC-AFF4-4429-8DD1-2AF126587225}.Release|Any CPU.ActiveCfg = Release|Any CPU
		{428934BC-AFF4-4429-8DD1-2AF126587225}.Release|Any CPU.Build.0 = Release|Any CPU
		{06F18323-5AAF-4132-8EC9-381DE48626B1}.Debug|Any CPU.ActiveCfg = Debug|Any CPU
		{06F18323-5AAF-4132-8EC9-381DE48626B1}.Debug|Any CPU.Build.0 = Debug|Any CPU
		{06F18323-5AAF-4132-8EC9-381DE48626B1}.Release|Any CPU.ActiveCfg = Release|Any CPU
		{06F18323-5AAF-4132-8EC9-381DE48626B1}.Release|Any CPU.Build.0 = Release|Any CPU
		{F1454F61-FF00-47B0-B7F1-17326D8AB6F7}.Debug|Any CPU.ActiveCfg = Debug|Any CPU
		{F1454F61-FF00-47B0-B7F1-17326D8AB6F7}.Debug|Any CPU.Build.0 = Debug|Any CPU
		{F1454F61-FF00-47B0-B7F1-17326D8AB6F7}.Release|Any CPU.ActiveCfg = Release|Any CPU
		{F1454F61-FF00-47B0-B7F1-17326D8AB6F7}.Release|Any CPU.Build.0 = Release|Any CPU
		{DE2FC279-D51E-411C-AFC2-4E0885916DBD}.Debug|Any CPU.ActiveCfg = Debug|Any CPU
		{DE2FC279-D51E-411C-AFC2-4E0885916DBD}.Debug|Any CPU.Build.0 = Debug|Any CPU
		{DE2FC279-D51E-411C-AFC2-4E0885916DBD}.Release|Any CPU.ActiveCfg = Release|Any CPU
		{DE2FC279-D51E-411C-AFC2-4E0885916DBD}.Release|Any CPU.Build.0 = Release|Any CPU
		{C5FDB52B-9DC2-48AC-8409-8D3156421490}.Debug|Any CPU.ActiveCfg = Debug|Any CPU
		{C5FDB52B-9DC2-48AC-8409-8D3156421490}.Debug|Any CPU.Build.0 = Debug|Any CPU
		{C5FDB52B-9DC2-48AC-8409-8D3156421490}.Release|Any CPU.ActiveCfg = Release|Any CPU
		{C5FDB52B-9DC2-48AC-8409-8D3156421490}.Release|Any CPU.Build.0 = Release|Any CPU
	EndGlobalSection
	GlobalSection(SolutionProperties) = preSolution
		HideSolutionNode = FALSE
	EndGlobalSection
	GlobalSection(ExtensibilityGlobals) = postSolution
		SolutionGuid = {5206F1A0-92D0-414C-9363-E44A735BCDBF}
	EndGlobalSection
EndGlobal
